<?xml version="1.0" encoding="utf-8"?>
<Project ToolsVersion="4.0" xmlns="http://schemas.microsoft.com/developer/msbuild/2003">
  <ItemGroup>
    <Filter Include="Source Files">
      <UniqueIdentifier>{4FC737F1-C7A5-4376-A066-2A32D752A2FF}</UniqueIdentifier>
      <Extensions>cpp;c;cc;cxx;c++;cppm;ixx;def;odl;idl;hpj;bat;asm;asmx</Extensions>
    </Filter>
    <Filter Include="Header Files">
      <UniqueIdentifier>{93995380-89BD-4b04-88EB-625FBE52EBFB}</UniqueIdentifier>
      <Extensions>h;hh;hpp;hxx;h++;hm;inl;inc;ipp;xsd</Extensions>
    </Filter>
    <Filter Include="Resource Files">
      <UniqueIdentifier>{67DA6AB6-F800-4c08-8B7A-83BB121AAD01}</UniqueIdentifier>
      <Extensions>rc;ico;cur;bmp;dlg;rc2;rct;bin;rgs;gif;jpg;jpeg;jpe;resx;tiff;tif;png;wav;mfcribbon-ms</Extensions>
    </Filter>
    <Filter Include="Resource Files\shaders">
      <UniqueIdentifier>{c161b128-2bfe-4173-93f0-28b39ade564d}</UniqueIdentifier>
    </Filter>
    <Filter Include="Header Files\API">
      <UniqueIdentifier>{c684889e-018d-4f47-85fb-474037165a20}</UniqueIdentifier>
    </Filter>
    <Filter Include="Header Files\Debug">
      <UniqueIdentifier>{d2431bc1-887f-406a-b3b8-1757d9bff7e6}</UniqueIdentifier>
    </Filter>
    <Filter Include="Header Files\Deprecated">
      <UniqueIdentifier>{3411b759-1cf5-496e-8ce6-8f09938d95fa}</UniqueIdentifier>
    </Filter>
    <Filter Include="Header Files\Utilities">
      <UniqueIdentifier>{2fcea3b2-c89e-43b2-bc01-351ca6669604}</UniqueIdentifier>
    </Filter>
    <Filter Include="Header Files\Rendering">
      <UniqueIdentifier>{3ae948a8-ed16-4db2-914b-e05e9bdb9c8f}</UniqueIdentifier>
    </Filter>
    <Filter Include="Source Files\API">
      <UniqueIdentifier>{83cae78f-fdc1-4646-9bde-7b95b326908f}</UniqueIdentifier>
    </Filter>
    <Filter Include="Source Files\Rendering">
      <UniqueIdentifier>{e89e34d4-dc84-4cf9-ab85-82d3b5508856}</UniqueIdentifier>
    </Filter>
    <Filter Include="Source Files\Debug">
      <UniqueIdentifier>{46ff02bd-ff41-4885-9544-a7973153d66a}</UniqueIdentifier>
    </Filter>
    <Filter Include="Source Files\Deprecated">
      <UniqueIdentifier>{edafc4f9-8a83-4cb5-a075-f5c411613022}</UniqueIdentifier>
    </Filter>
    <Filter Include="Source Files\Optimized Structures">
      <UniqueIdentifier>{20a694e0-3a6a-43b0-a014-e94512bae313}</UniqueIdentifier>
    </Filter>
    <Filter Include="Header Files\Model">
      <UniqueIdentifier>{01c833f2-81d3-45b2-8922-a31da27f4dd3}</UniqueIdentifier>
    </Filter>
    <Filter Include="Header Files\Model\Buffers">
      <UniqueIdentifier>{dc777528-8136-4df1-89ad-c227ce2dd941}</UniqueIdentifier>
    </Filter>
    <Filter Include="Header Files\Model\Data">
      <UniqueIdentifier>{67ab22b1-ab2b-47f7-a3ce-33643d23f506}</UniqueIdentifier>
    </Filter>
    <Filter Include="Header Files\Model\Structures">
      <UniqueIdentifier>{1b1826c3-2182-4bef-93c3-3bc074cf4e17}</UniqueIdentifier>
    </Filter>
    <Filter Include="Header Files\Rendering\Renderers">
      <UniqueIdentifier>{f7e41ae8-9957-42e4-9250-11a5f0148b80}</UniqueIdentifier>
    </Filter>
    <Filter Include="Header Files\Rendering\Scenes">
      <UniqueIdentifier>{913fac58-c822-45f9-a351-4a528562f8e1}</UniqueIdentifier>
    </Filter>
    <Filter Include="Header Files\Rendering\Shader">
      <UniqueIdentifier>{8a592b0e-601f-43d3-9165-8ee2d1b75122}</UniqueIdentifier>
    </Filter>
    <Filter Include="Source Files\Model">
      <UniqueIdentifier>{bc1fd3bb-a183-4e3b-92c7-c253a72058f9}</UniqueIdentifier>
    </Filter>
    <Filter Include="Source Files\Model\Buffers">
      <UniqueIdentifier>{b4827e67-d91d-458b-908e-f339ea710490}</UniqueIdentifier>
    </Filter>
    <Filter Include="Source Files\Model\Data">
      <UniqueIdentifier>{6dbaec41-fd9d-4ae6-9cde-a8c577187185}</UniqueIdentifier>
    </Filter>
    <Filter Include="Source Files\Model\Structures">
      <UniqueIdentifier>{517c5518-db44-41aa-9105-bbdd075fbe41}</UniqueIdentifier>
    </Filter>
    <Filter Include="Header Files\Rendering\Techniques">
      <UniqueIdentifier>{2eb352ba-fbca-4430-80a1-8ba952ac7a40}</UniqueIdentifier>
    </Filter>
    <Filter Include="Header Files\Optimized Structures">
      <UniqueIdentifier>{fc6aa6e0-caec-46e5-b344-8a105fc4a8f5}</UniqueIdentifier>
    </Filter>
    <Filter Include="Source Files\Rendering\Renderer">
      <UniqueIdentifier>{47c6bd3e-2310-49f8-8ea3-9b890c6ba2d3}</UniqueIdentifier>
    </Filter>
    <Filter Include="Source Files\Rendering\Shader">
      <UniqueIdentifier>{c17628c5-1e0e-4e76-89db-57726d4544aa}</UniqueIdentifier>
    </Filter>
    <Filter Include="Source Files\Rendering\Scenes">
      <UniqueIdentifier>{f60a4535-5778-461c-9de3-4c4bcd2574fe}</UniqueIdentifier>
    </Filter>
    <Filter Include="Source Files\Rendering\Techniques">
      <UniqueIdentifier>{697d986e-8eb2-4e0e-8a2e-b0bee76b26b6}</UniqueIdentifier>
    </Filter>
    <Filter Include="Source Files\Model\Data\Texture">
      <UniqueIdentifier>{5c350397-11c3-4da8-978c-3e5dd725f074}</UniqueIdentifier>
    </Filter>
    <Filter Include="Source Files\Rendering\Buffers">
      <UniqueIdentifier>{c9d5d1af-b54f-4563-935a-c7764c1dbc4c}</UniqueIdentifier>
    </Filter>
    <Filter Include="Header Files\Rendering\Buffers">
      <UniqueIdentifier>{3b9ba606-e0f4-4152-8baa-78d9388f0c62}</UniqueIdentifier>
    </Filter>
    <Filter Include="Header Files\Model\Data\Texture">
      <UniqueIdentifier>{f12fe3e2-4c5c-4ce4-986f-edd00a681dea}</UniqueIdentifier>
    </Filter>
    <Filter Include="Header Files\Model\Resource">
      <UniqueIdentifier>{e3e09293-7def-4f96-8bc5-0e9c6bcb0cab}</UniqueIdentifier>
    </Filter>
    <Filter Include="Header Files\VFX">
      <UniqueIdentifier>{38f1da55-bfa0-479e-8b0d-9cf06365b533}</UniqueIdentifier>
    </Filter>
    <Filter Include="Header Files\VFX\Shadow">
      <UniqueIdentifier>{21e9a84c-4d13-4878-bba0-00a86249be8c}</UniqueIdentifier>
    </Filter>
    <Filter Include="Header Files\VFX\Shadow\Techniques">
      <UniqueIdentifier>{a7b9c5ee-b941-476a-8b70-a4aa8c1f1d26}</UniqueIdentifier>
    </Filter>
    <Filter Include="Header Files\VFX\Shadow\Buffers">
      <UniqueIdentifier>{3598f1f8-9d64-4b05-80da-b35f4b880196}</UniqueIdentifier>
    </Filter>
    <Filter Include="Source Files\VFX">
      <UniqueIdentifier>{c70ddacf-b358-4bca-b60b-4feb65250a3e}</UniqueIdentifier>
    </Filter>
    <Filter Include="Source Files\VFX\Shadow">
      <UniqueIdentifier>{8102ad36-1fef-42a0-9ad4-9205ea11eb95}</UniqueIdentifier>
    </Filter>
    <Filter Include="Source Files\VFX\Shadow\Buffers">
      <UniqueIdentifier>{4dec67b3-eb04-42db-a237-2a04f3399e4a}</UniqueIdentifier>
    </Filter>
    <Filter Include="Source Files\VFX\Shadow\Techniques">
      <UniqueIdentifier>{495ac5fe-a7e2-457e-9581-c03bb9e9fc85}</UniqueIdentifier>
    </Filter>
    <Filter Include="Source Files\Model\Resource">
      <UniqueIdentifier>{e7f2e37d-03df-4d18-8a18-a64800fbf296}</UniqueIdentifier>
    </Filter>
  </ItemGroup>
  <ItemGroup>
    <ClCompile Include="Vaulteer.cpp">
      <Filter>Source Files</Filter>
    </ClCompile>
    <ClCompile Include="Window.cpp">
      <Filter>Source Files</Filter>
    </ClCompile>
    <ClCompile Include="..\GLAD\src\glad.c">
      <Filter>Resource Files</Filter>
    </ClCompile>
    <ClCompile Include="Game.cpp">
      <Filter>Source Files</Filter>
    </ClCompile>
    <ClCompile Include="OpenGL.cpp">
      <Filter>Source Files</Filter>
    </ClCompile>
    <ClCompile Include="Texture.cpp">
      <Filter>Source Files\Model\Data\Texture</Filter>
    </ClCompile>
    <ClCompile Include="Texture2DArray.cpp">
      <Filter>Source Files\Model\Data\Texture</Filter>
    </ClCompile>
    <ClCompile Include="CubemapTexture.cpp">
      <Filter>Source Files\Model\Data\Texture</Filter>
    </ClCompile>
    <ClCompile Include="Camera.cpp">
      <Filter>Source Files\API</Filter>
    </ClCompile>
    <ClCompile Include="Event.cpp">
      <Filter>Source Files\API</Filter>
    </ClCompile>
    <ClCompile Include="Renderer.cpp">
      <Filter>Source Files\API</Filter>
    </ClCompile>
    <ClCompile Include="ShadowCascade.cpp">
      <Filter>Source Files\VFX\Shadow</Filter>
    </ClCompile>
    <ClCompile Include="ShadowBuffer.cpp">
      <Filter>Source Files\VFX\Shadow\Buffers</Filter>
    </ClCompile>
    <ClCompile Include="ShadowCubeBuffer.cpp">
      <Filter>Source Files\VFX\Shadow\Buffers</Filter>
    </ClCompile>
    <ClCompile Include="ShadowCubeTechnique.cpp">
      <Filter>Source Files\VFX\Shadow\Techniques</Filter>
    </ClCompile>
    <ClCompile Include="ShadowTechnique.cpp">
      <Filter>Source Files\VFX\Shadow\Techniques</Filter>
    </ClCompile>
    <ClCompile Include="DepthMapTechnique.cpp">
      <Filter>Source Files\VFX\Shadow\Techniques</Filter>
    </ClCompile>
    <ClCompile Include="DeferredLightingTechnique.cpp">
      <Filter>Source Files\Rendering\Techniques</Filter>
    </ClCompile>
    <ClCompile Include="DeferredGeometryTechnique.cpp">
      <Filter>Source Files\Rendering\Techniques</Filter>
    </ClCompile>
    <ClCompile Include="ClusterTileTechnique.cpp">
      <Filter>Source Files\Rendering\Techniques</Filter>
    </ClCompile>
    <ClCompile Include="ForwardTechnique.cpp">
      <Filter>Source Files\Rendering\Techniques</Filter>
    </ClCompile>
    <ClCompile Include="LineTechnique.cpp">
      <Filter>Source Files\Rendering\Techniques</Filter>
    </ClCompile>
    <ClCompile Include="Technique.cpp">
      <Filter>Source Files\Deprecated</Filter>
    </ClCompile>
    <ClCompile Include="DebugLogger.cpp">
      <Filter>Source Files\Debug</Filter>
    </ClCompile>
    <ClCompile Include="ClusteredForwardRenderer.cpp">
      <Filter>Source Files\Rendering\Renderer</Filter>
    </ClCompile>
    <ClCompile Include="DeferredRenderer.cpp">
      <Filter>Source Files\Rendering\Renderer</Filter>
    </ClCompile>
    <ClCompile Include="ForwardRenderer.cpp">
      <Filter>Source Files\Rendering\Renderer</Filter>
    </ClCompile>
    <ClCompile Include="ElementBuffer.cpp">
      <Filter>Source Files\Model\Buffers</Filter>
    </ClCompile>
    <ClCompile Include="Object3D.cpp">
      <Filter>Source Files\Model\Structures</Filter>
    </ClCompile>
    <ClCompile Include="Mesh.cpp">
      <Filter>Source Files\Model\Structures</Filter>
    </ClCompile>
    <ClCompile Include="ModelData.cpp">
      <Filter>Source Files\Model\Structures</Filter>
    </ClCompile>
    <ClCompile Include="LineData.cpp">
      <Filter>Source Files\Model\Data</Filter>
    </ClCompile>
    <ClCompile Include="GraphicsData.cpp">
      <Filter>Source Files\Model\Data</Filter>
    </ClCompile>
    <ClCompile Include="ShaderProgram.cpp">
      <Filter>Source Files\Rendering\Shader</Filter>
    </ClCompile>
    <ClCompile Include="Shader.cpp">
      <Filter>Source Files\Rendering\Shader</Filter>
    </ClCompile>
    <ClCompile Include="Scene.cpp">
      <Filter>Source Files\Rendering\Scenes</Filter>
    </ClCompile>
    <ClCompile Include="Point.cpp">
      <Filter>Source Files\Deprecated</Filter>
    </ClCompile>
    <ClCompile Include="VertexHash.cpp">
      <Filter>Source Files\Model\Structures</Filter>
    </ClCompile>
    <ClCompile Include="Vertex.cpp">
      <Filter>Source Files\Model\Structures</Filter>
    </ClCompile>
    <ClCompile Include="GBuffer.cpp">
      <Filter>Source Files\Rendering\Buffers</Filter>
    </ClCompile>
    <ClCompile Include="FrameBuffer.cpp">
      <Filter>Source Files\Rendering\Buffers</Filter>
    </ClCompile>
    <ClCompile Include="PolyTree.cpp">
      <Filter>Source Files\Optimized Structures</Filter>
    </ClCompile>
    <ClCompile Include="Material.cpp">
      <Filter>Source Files\Model\Data</Filter>
    </ClCompile>
    <ClCompile Include="PackedTexture2DArray.cpp">
      <Filter>Source Files\Model\Data\Texture</Filter>
    </ClCompile>
    <ClCompile Include="ResourcePack.cpp">
      <Filter>Source Files\Model\Resource</Filter>
    </ClCompile>
    <ClCompile Include="ResourceLoader.cpp">
      <Filter>Source Files\Model\Resource</Filter>
    </ClCompile>
    <ClCompile Include="ResourceManager.cpp">
      <Filter>Source Files\Model\Resource</Filter>
    </ClCompile>
    <ClCompile Include="UniformBuffer.cpp">
      <Filter>Source Files</Filter>
    </ClCompile>
    <ClCompile Include="Batch.cpp">
      <Filter>Source Files</Filter>
    </ClCompile>
    <ClCompile Include="BatchManager.cpp">
      <Filter>Source Files</Filter>
    </ClCompile>
    <ClCompile Include="vpch.cpp">
      <Filter>Source Files</Filter>
    </ClCompile>
  </ItemGroup>
  <ItemGroup>
    <ClInclude Include="Window.h">
      <Filter>Header Files</Filter>
    </ClInclude>
    <ClInclude Include="stb_image.h">
      <Filter>Resource Files</Filter>
    </ClInclude>
    <ClInclude Include="GLSLCPPBinder.h">
      <Filter>Resource Files</Filter>
    </ClInclude>
    <ClInclude Include="GLSLCPPBinder.h">
      <Filter>Resource Files</Filter>
    </ClInclude>
    <ClInclude Include="Game.h">
      <Filter>Header Files</Filter>
    </ClInclude>
    <ClInclude Include="OpenGL.h">
      <Filter>Header Files</Filter>
    </ClInclude>
    <ClInclude Include="Camera.h">
      <Filter>Header Files\API</Filter>
    </ClInclude>
    <ClInclude Include="Event.h">
      <Filter>Header Files\API</Filter>
    </ClInclude>
    <ClInclude Include="Model.h">
      <Filter>Header Files\API</Filter>
    </ClInclude>
    <ClInclude Include="Renderer.h">
      <Filter>Header Files\API</Filter>
    </ClInclude>
    <ClInclude Include="MathUtils.h">
      <Filter>Header Files\Utilities</Filter>
    </ClInclude>
    <ClInclude Include="TypeDefUtils.h">
      <Filter>Header Files\Utilities</Filter>
    </ClInclude>
    <ClInclude Include="DebugLogger.h">
      <Filter>Header Files\Debug</Filter>
    </ClInclude>
    <ClInclude Include="DebugAliases.h">
      <Filter>Header Files\Debug</Filter>
    </ClInclude>
    <ClInclude Include="Point.h">
      <Filter>Header Files\Deprecated</Filter>
    </ClInclude>
    <ClInclude Include="Technique.h">
      <Filter>Header Files\Deprecated</Filter>
    </ClInclude>
    <ClInclude Include="UniformParametersFunctionOverloadsGenerator.h">
      <Filter>Header Files\Deprecated</Filter>
    </ClInclude>
    <ClInclude Include="LightTypes.h">
      <Filter>Header Files\VFX</Filter>
    </ClInclude>
    <ClInclude Include="Buffer.h">
      <Filter>Header Files\Model\Buffers</Filter>
    </ClInclude>
    <ClInclude Include="ElementBuffer.h">
      <Filter>Header Files\Model\Buffers</Filter>
    </ClInclude>
    <ClInclude Include="VertexArray.h">
      <Filter>Header Files\Model\Buffers</Filter>
    </ClInclude>
    <ClInclude Include="VertexBuffer.h">
      <Filter>Header Files\Model\Buffers</Filter>
    </ClInclude>
    <ClInclude Include="VertexHash.h">
      <Filter>Header Files\Model\Data</Filter>
    </ClInclude>
    <ClInclude Include="Vertex.h">
      <Filter>Header Files\Model\Data</Filter>
    </ClInclude>
    <ClInclude Include="GraphicsData.h">
      <Filter>Header Files\Model\Structures</Filter>
    </ClInclude>
    <ClInclude Include="LineData.h">
      <Filter>Header Files\Model\Structures</Filter>
    </ClInclude>
    <ClInclude Include="Mesh.h">
      <Filter>Header Files\Model\Structures</Filter>
    </ClInclude>
    <ClInclude Include="Object3D.h">
      <Filter>Header Files\Model\Structures</Filter>
    </ClInclude>
    <ClInclude Include="ModelData.h">
      <Filter>Header Files\Model\Structures</Filter>
    </ClInclude>
    <ClInclude Include="ClusteredForwardRenderer.h">
      <Filter>Header Files\Rendering\Renderers</Filter>
    </ClInclude>
    <ClInclude Include="ForwardRenderer.h">
      <Filter>Header Files\Rendering\Renderers</Filter>
    </ClInclude>
    <ClInclude Include="DeferredRenderer.h">
      <Filter>Header Files\Rendering\Renderers</Filter>
    </ClInclude>
    <ClInclude Include="Scene.h">
      <Filter>Header Files\Rendering\Scenes</Filter>
    </ClInclude>
    <ClInclude Include="Shader.h">
      <Filter>Header Files\Rendering\Shader</Filter>
    </ClInclude>
    <ClInclude Include="ShaderProgram.h">
      <Filter>Header Files\Rendering\Shader</Filter>
    </ClInclude>
    <ClInclude Include="ClusterTileTechnique.h">
      <Filter>Header Files\Rendering\Techniques</Filter>
    </ClInclude>
    <ClInclude Include="DeferredGeometryTechnique.h">
      <Filter>Header Files\Rendering\Techniques</Filter>
    </ClInclude>
    <ClInclude Include="DeferredLightingTechnique.h">
      <Filter>Header Files\Rendering\Techniques</Filter>
    </ClInclude>
    <ClInclude Include="ForwardTechnique.h">
      <Filter>Header Files\Rendering\Techniques</Filter>
    </ClInclude>
    <ClInclude Include="ShadowCascade.h">
      <Filter>Header Files\VFX\Shadow</Filter>
    </ClInclude>
    <ClInclude Include="ShadowCubeTechnique.h">
      <Filter>Header Files\VFX\Shadow\Techniques</Filter>
    </ClInclude>
    <ClInclude Include="DepthMapTechnique.h">
      <Filter>Header Files\VFX\Shadow\Techniques</Filter>
    </ClInclude>
    <ClInclude Include="ShadowTechnique.h">
      <Filter>Header Files\VFX\Shadow\Techniques</Filter>
    </ClInclude>
    <ClInclude Include="ShadowBuffer.h">
      <Filter>Header Files\VFX\Shadow\Buffers</Filter>
    </ClInclude>
    <ClInclude Include="ShadowCubeBuffer.h">
      <Filter>Header Files\VFX\Shadow\Buffers</Filter>
    </ClInclude>
    <ClInclude Include="LineTechnique.h">
      <Filter>Header Files\Rendering\Techniques</Filter>
    </ClInclude>
    <ClInclude Include="PolyTree.h">
      <Filter>Header Files\Optimized Structures</Filter>
    </ClInclude>
    <ClInclude Include="GBuffer.h">
      <Filter>Header Files\Rendering\Buffers</Filter>
    </ClInclude>
    <ClInclude Include="FrameBuffer.h">
      <Filter>Header Files\Rendering\Buffers</Filter>
    </ClInclude>
    <ClInclude Include="CubemapTexture.h">
      <Filter>Header Files\Model\Data\Texture</Filter>
    </ClInclude>
    <ClInclude Include="Texture.h">
      <Filter>Header Files\Model\Data\Texture</Filter>
    </ClInclude>
    <ClInclude Include="Texture2DArray.h">
      <Filter>Header Files\Model\Data\Texture</Filter>
    </ClInclude>
    <ClInclude Include="ModelResourceLocator.h">
      <Filter>Header Files\Model</Filter>
    </ClInclude>
    <ClInclude Include="Material.h">
      <Filter>Header Files\Model\Data</Filter>
    </ClInclude>
    <ClInclude Include="PackedTexture2DArray.h">
      <Filter>Header Files\Model\Data\Texture</Filter>
    </ClInclude>
    <ClInclude Include="ResourceLoader.h">
      <Filter>Header Files\Model\Resource</Filter>
    </ClInclude>
    <ClInclude Include="ResourceManager.h">
      <Filter>Header Files\Model\Resource</Filter>
    </ClInclude>
    <ClInclude Include="ResourcePack.h">
      <Filter>Header Files\Model\Resource</Filter>
    </ClInclude>
    <ClInclude Include="UniformBuffer.h">
      <Filter>Header Files</Filter>
    </ClInclude>
    <ClInclude Include="Batch.h">
      <Filter>Header Files</Filter>
    </ClInclude>
    <ClInclude Include="BatchManager.h">
      <Filter>Header Files</Filter>
    </ClInclude>
    <ClInclude Include="RendererPrerequisites.h">
      <Filter>Header Files\Rendering</Filter>
    </ClInclude>
    <ClInclude Include="TemplateUtility.h">
      <Filter>Header Files\Utilities</Filter>
    </ClInclude>
  </ItemGroup>
  <ItemGroup>
    <None Include="GLSLSourceFiles.toml">
      <Filter>Resource Files</Filter>
    </None>
    <None Include="GLSLSourceFiles.toml">
      <Filter>Resource Files</Filter>
    </None>
    <None Include="shaders\deferred_frag.glsl">
      <Filter>Resource Files\shaders</Filter>
    </None>
    <None Include="shaders\deferred_vertex.glsl">
      <Filter>Resource Files\shaders</Filter>
    </None>
    <None Include="shaders\depth_map_frag.glsl">
      <Filter>Resource Files\shaders</Filter>
    </None>
    <None Include="shaders\depth_map_vertex.glsl">
      <Filter>Resource Files\shaders</Filter>
    </None>
    <None Include="shaders\geometry_frag.glsl">
      <Filter>Resource Files\shaders</Filter>
    </None>
    <None Include="shaders\geometry_vertex.glsl">
      <Filter>Resource Files\shaders</Filter>
    </None>
    <None Include="shaders\light_frag.glsl.ignored">
      <Filter>Resource Files\shaders</Filter>
    </None>
    <None Include="shaders\lightsource_frag.glsl">
      <Filter>Resource Files\shaders</Filter>
    </None>
    <None Include="shaders\lightsource_vertex.glsl">
      <Filter>Resource Files\shaders</Filter>
    </None>
    <None Include="shaders\shadow_cube_frag.glsl">
      <Filter>Resource Files\shaders</Filter>
    </None>
    <None Include="shaders\shadow_cube_geometry.glsl">
      <Filter>Resource Files\shaders</Filter>
    </None>
    <None Include="shaders\shadow_cube_vertex.glsl">
      <Filter>Resource Files\shaders</Filter>
    </None>
    <None Include="shaders\shadow_frag.glsl">
      <Filter>Resource Files\shaders</Filter>
    </None>
    <None Include="shaders\shadow_vertex.glsl">
      <Filter>Resource Files\shaders</Filter>
    </None>
    <None Include="shaders\forward_frag.glsl">
      <Filter>Resource Files\shaders</Filter>
    </None>
    <None Include="shaders\forward_vertex.glsl">
      <Filter>Resource Files\shaders</Filter>
    </None>
    <None Include="shaders\line_frag.glsl">
      <Filter>Resource Files\shaders</Filter>
    </None>
    <None Include="shaders\line_vertex.glsl">
      <Filter>Resource Files\shaders</Filter>
    </None>
    <None Include="shaders\cluster_tile_compute.glsl">
      <Filter>Resource Files\shaders</Filter>
    </None>
  </ItemGroup>
